{
  "name": "io.cordova.hellocordova",
  "version": "1.0.0",
  "lockfileVersion": 3,
  "requires": true,
  "packages": {
    "": {
      "name": "io.cordova.hellocordova",
      "version": "1.0.0",
      "license": "Apache-2.0",
      "devDependencies": {
        "cordova-plugin-casai": "file:../cordova-plugin-casai"
      }
    },
    "../cordova-plugin-casai": {
      "version": "1.0.0",
      "dev": true,
      "license": "ISC"
    },
    "node_modules/cordova-plugin-casai": {
      "resolved": "../cordova-plugin-casai",
      "link": true
    }
  }
}
